hash: 69cae15ce188dcafa96446128d380722fc3a8515c16c7021830d44328afb4a2d
updated: 2017-09-20T21:15:16.561964494+02:00
imports:
- name: github.com/bradfitz/gomemcache
  version: 1952afaa557dc08e8e0d89eafab110fb501c1a2b
  subpackages:
  - memcache
- name: github.com/garyburd/redigo
  version: 70e1b1943d4fc9c56791abaa6f4d1e727b9ab925
  subpackages:
  - internal
  - redis
- name: github.com/golang/snappy
  version: 553a641470496b2327abcac10b36396bd98e45c9
- name: github.com/google/btree
  version: 316fb6d3f031ae8f4d457c6c5186b9e3ded70435
- name: github.com/gregjones/httpcache
  version: 316c5e0ff04e0ce21cfae9fbbb2ab39c7fc74e71
- name: github.com/peterbourgon/diskv
  version: 5f041e8faa004a95c88a202771f4cc3e991971e6
- name: github.com/syndtr/goleveldb
  version: 8c81ea47d4c41a385645e133e15510fc6a2a74b4
  subpackages:
  - leveldb
  - leveldb/cache
  - leveldb/comparer
  - leveldb/errors
  - leveldb/filter
  - leveldb/iterator
  - leveldb/journal
  - leveldb/memdb
  - leveldb/opt
  - leveldb/storage
  - leveldb/table
  - leveldb/util
testImports:
- name: github.com/davecgh/go-spew
  version: 6d212800a42e8ab5c146b8ace3490ee17e5225f9
  subpackages:
  - spew
- name: github.com/die-net/lrucache
  version: 36174c11a4bb5b86413af31527b6a1469426ed06
- name: github.com/dustin/go-humanize
  version: 79e699ccd02f240a1f1fbbdcee7e64c1c12e41aa
- name: github.com/pmezard/go-difflib
  version: d8ed2627bdf02c080bf22230dbb337003b7aba2d
  subpackages:
  - difflib
- name: github.com/stretchr/testify
  version: 69483b4bd14f5845b5a1e55bca19e954e827f1d0
  subpackages:
  - assert
